// !$*UTF8*$!
{
	archiveVersion = 1;
	classes = {
	};
	objectVersion = 46;
	objects = {

/* Begin PBXBuildFile section */
		8368965C1DA42387008F7C5E /* AppDelegate.swift in Sources */ = {isa = PBXBuildFile; fileRef = 8368965B1DA42387008F7C5E /* AppDelegate.swift */; };
		8368965E1DA42387008F7C5E /* ViewController.swift in Sources */ = {isa = PBXBuildFile; fileRef = 8368965D1DA42387008F7C5E /* ViewController.swift */; };
		836896611DA42387008F7C5E /* Main.storyboard in Resources */ = {isa = PBXBuildFile; fileRef = 8368965F1DA42387008F7C5E /* Main.storyboard */; };
		836896631DA42387008F7C5E /* Assets.xcassets in Resources */ = {isa = PBXBuildFile; fileRef = 836896621DA42387008F7C5E /* Assets.xcassets */; };
		836896661DA42387008F7C5E /* LaunchScreen.storyboard in Resources */ = {isa = PBXBuildFile; fileRef = 836896641DA42387008F7C5E /* LaunchScreen.storyboard */; };
/* End PBXBuildFile section */

/* Begin PBXFileReference section */
		836896581DA42387008F7C5E /* ModalViewExperiment.app */ = {isa = PBXFileReference; explicitFileType = wrapper.application; includeInIndex = 0; path = ModalViewExperiment.app; sourceTree = BUILT_PRODUCTS_DIR; };
		8368965B1DA42387008F7C5E /* AppDelegate.swift */ = {isa = PBXFileReference; lastKnownFileType = sourcecode.swift; path = AppDelegate.swift; sourceTree = "<group>"; };
		8368965D1DA42387008F7C5E /* ViewController.swift */ = {isa = PBXFileReference; lastKnownFileType = sourcecode.swift; path = ViewController.swift; sourceTree = "<group>"; };
		836896601DA42387008F7C5E /* Base */ = {isa = PBXFileReference; lastKnownFileType = file.storyboard; name = Base; path = Base.lproj/Main.storyboard; sourceTree = "<group>"; };
		836896621DA42387008F7C5E /* Assets.xcassets */ = {isa = PBXFileReference; lastKnownFileType = folder.assetcatalog; path = Assets.xcassets; sourceTree = "<group>"; };
		836896651DA42387008F7C5E /* Base */ = {isa = PBXFileReference; lastKnownFileType = file.storyboard; name = Base; path = Base.lproj/LaunchScreen.storyboard; sourceTree = "<group>"; };
		836896671DA42387008F7C5E /* Info.plist */ = {isa = PBXFileReference; lastKnownFileType = text.plist.xml; path = Info.plist; sourceTree = "<group>"; };
/* End PBXFileReference section */

/* Begin PBXFrameworksBuildPhase section */
		836896551DA42387008F7C5E /* Frameworks */ = {
			isa = PBXFrameworksBuildPhase;
			buildActionMask = 2147483647;
			files = (
			);
			runOnlyForDeploymentPostprocessing = 0;
		};
/* End PBXFrameworksBuildPhase section */

/* Begin PBXGroup section */
		8368964F1DA42387008F7C5E = {
			isa = PBXGroup;
			children = (
				8368965A1DA42387008F7C5E /* ModalViewExperiment */,
				836896591DA42387008F7C5E /* Products */,
			);
			sourceTree = "<group>";
		};
		836896591DA42387008F7C5E /* Products */ = {
			isa = PBXGroup;
			children = (
				836896581DA42387008F7C5E /* ModalViewExperiment.app */,
			);
			name = Products;
			sourceTree = "<group>";
		};
		8368965A1DA42387008F7C5E /* ModalViewExperiment */ = {
			isa = PBXGroup;
			children = (
				8368965B1DA42387008F7C5E /* AppDelegate.swift */,
				8368965D1DA42387008F7C5E /* ViewController.swift */,
				8368965F1DA42387008F7C5E /* Main.storyboard */,
				836896621DA42387008F7C5E /* Assets.xcassets */,
				836896641DA42387008F7C5E /* LaunchScreen.storyboard */,
				836896671DA42387008F7C5E /* Info.plist */,
			);
			path = ModalViewExperiment;
			sourceTree = "<group>";
		};
/* End PBXGroup section */

/* Begin PBXNativeTarget section */
		836896571DA42387008F7C5E /* ModalViewExperiment */ = {
			isa = PBXNativeTarget;
			buildConfigurationList = 8368966A1DA42387008F7C5E /* Build configuration list for PBXNativeTarget "ModalViewExperiment" */;
			buildPhases = (
				836896541DA42387008F7C5E /* Sources */,
				836896551DA42387008F7C5E /* Frameworks */,
				836896561DA42387008F7C5E /* Resources */,
			);
			buildRules = (
			);
			dependencies = (
			);
			name = ModalViewExperiment;
			productName = ModalViewExperiment;
			productReference = 836896581DA42387008F7C5E /* ModalViewExperiment.app */;
			productType = "com.apple.product-type.application";
		};
/* End PBXNativeTarget section */

/* Begin PBXProject section */
		836896501DA42387008F7C5E /* Project object */ = {
			isa = PBXProject;
			attributes = {
				LastSwiftUpdateCheck = 0800;
				LastUpgradeCheck = 0800;
				ORGANIZATIONNAME = "Mukul Sharma";
				TargetAttributes = {
					836896571DA42387008F7C5E = {
						CreatedOnToolsVersion = 8.0;
						ProvisioningStyle = Automatic;
					};
				};
			};
			buildConfigurationList = 836896531DA42387008F7C5E /* Build configuration list for PBXProject "ModalViewExperiment" */;
			compatibilityVersion = "Xcode 3.2";
			developmentRegion = English;
			hasScannedForEncodings = 0;
			knownRegions = (
				en,
				Base,
			);
			mainGroup = 8368964F1DA42387008F7C5E;
			productRefGroup = 836896591DA42387008F7C5E /* Products */;
			projectDirPath = "";
			projectRoot = "";
			targets = (
				836896571DA42387008F7C5E /* ModalViewExperiment */,
			);
		};
/* End PBXProject section */

/* Begin PBXResourcesBuildPhase section */
		836896561DA42387008F7C5E /* Resources */ = {
			isa = PBXResourcesBuildPhase;
			buildActionMask = 2147483647;
			files = (
				836896661DA42387008F7C5E /* LaunchScreen.storyboard in Resources */,
				836896631DA42387008F7C5E /* Assets.xcassets in Resources */,
				836896611DA42387008F7C5E /* Main.storyboard in Resources */,
			);
			runOnlyForDeploymentPostprocessing = 0;
		};
/* End PBXResourcesBuildPhase section */

/* Begin PBXSourcesBuildPhase section */
		836896541DA42387008F7C5E /* Sources */ = {
			isa = PBXSourcesBuildPhase;
			buildActionMask = 2147483647;
			files = (
				8368965E1DA42387008F7C5E /* ViewController.swift in Sources */,
				8368965C1DA42387008F7C5E /* AppDelegate.swift in Sources */,
			);
			runOnlyForDeploymentPostprocessing = 0;
		};
/* End PBXSourcesBuildPhase section */

/* Begin PBXVariantGroup section */
		8368965F1DA42387008F7C5E /* Main.storyboard */ = {
			isa = PBXVariantGroup;
			children = (
				836896601DA42387008F7C5E /* Base */,
			);
			name = Main.storyboard;
			sourceTree = "<group>";
		};
		836896641DA42387008F7C5E /* LaunchScreen.storyboard */ = {
			isa = PBXVariantGroup;
			children = (
				836896651DA42387008F7C5E /* Base */,
			);
			name = LaunchScreen.storyboard;
			sourceTree = "<group>";
		};
/* End PBXVariantGroup section */

/* Begin XCBuildConfiguration section */
		836896681DA42387008F7C5E /* Debug */ = {
			isa = XCBuildConfiguration;
			buildSettings = {
				ALWAYS_SEARCH_USER_PATHS = NO;
				CLANG_ANALYZER_NONNULL = YES;
				CLANG_CXX_LANGUAGE_STANDARD = "gnu++0x";
				CLANG_CXX_LIBRARY = "libc++";
				CLANG_ENABLE_MODULES = YES;
				CLANG_ENABLE_OBJC_ARC = YES;
				CLANG_WARN_BOOL_CONVERSION = YES;
				CLANG_WARN_CONSTANT_CONVERSION = YES;
				CLANG_WARN_DIRECT_OBJC_ISA_USAGE = YES_ERROR;
				CLANG_WARN_DOCUMENTATION_COMMENTS = YES;
				CLANG_WARN_EMPTY_BODY = YES;
				CLANG_WARN_ENUM_CONVERSION = YES;
				CLANG_WARN_INFINITE_RECURSION = YES;
				CLANG_WARN_INT_CONVERSION = YES;
				CLANG_WARN_OBJC_ROOT_CLASS = YES_ERROR;
				CLANG_WARN_SUSPICIOUS_MOVES = YES;
				CLANG_WARN_UNREACHABLE_CODE = YES;
				CLANG_WARN__DUPLICATE_METHOD_MATCH = YES;
				"CODE_SIGN_IDENTITY[sdk=iphoneos*]" = "iPhone Developer";
				COPY_PHASE_STRIP = NO;
				DEBUG_INFORMATION_FORMAT = dwarf;
				ENABLE_STRICT_OBJC_MSGSEND = YES;
				ENABLE_TESTABILITY = YES;
				GCC_C_LANGUAGE_STANDARD = gnu99;
				GCC_DYNAMIC_NO_PIC = NO;
				GCC_NO_COMMON_BLOCKS = YES;
				GCC_OPTIMIZATION_LEVEL = 0;
				GCC_PREPROCESSOR_DEFINITIONS = (
					"DEBUG=1",
					"$(inherited)",
				);
				GCC_WARN_64_TO_32_BIT_CONVERSION = YES;
				GCC_WARN_ABOUT_RETURN_TYPE = YES_ERROR;
				GCC_WARN_UNDECLARED_SELECTOR = YES;
				GCC_WARN_UNINITIALIZED_AUTOS = YES_AGGRESSIVE;
				GCC_WARN_UNUSED_FUNCTION = YES;
				GCC_WARN_UNUSED_VARIABLE = YES;
				IPHONEOS_DEPLOYMENT_TARGET = 10.0;
				MTL_ENABLE_DEBUG_INFO = YES;
				ONLY_ACTIVE_ARCH = YES;
				SDKROOT = iphoneos;
				SWIFT_ACTIVE_COMPILATION_CONDITIONS = DEBUG;
				SWIFT_OPTIMIZATION_LEVEL = "-Onone";
				TARGETED_DEVICE_FAMILY = "1,2";
			};
			name = Debug;
		};
		836896691DA42387008F7C5E /* Release */ = {
			isa = XCBuildConfiguration;
			buildSettings = {
				ALWAYS_SEARCH_USER_PATHS = NO;
				CLANG_ANALYZER_NONNULL = YES;
				CLANG_CXX_LANGUAGE_STANDARD = "gnu++0x";
				CLANG_CXX_LIBRARY = "libc++";
				CLANG_ENABLE_MODULES = YES;
				CLANG_ENABLE_OBJC_ARC = YES;
				CLANG_WARN_BOOL_CONVERSION = YES;
				CLANG_WARN_CONSTANT_CONVERSION = YES;
				CLANG_WARN_DIRECT_OBJC_ISA_USAGE = YES_ERROR;
				CLANG_WARN_DOCUMENTATION_COMMENTS = YES;
				CLANG_WARN_EMPTY_BODY = YES;
				CLANG_WARN_ENUM_CONVERSION = YES;
				CLANG_WARN_INFINITE_RECURSION = YES;
				CLANG_WARN_INT_CONVERSION = YES;
				CLANG_WARN_OBJC_ROOT_CLASS = YES_ERROR;
				CLANG_WARN_SUSPICIOUS_MOVES = YES;
				CLANG_WARN_UNREACHABLE_CODE = YES;
				CLANG_WARN__DUPLICATE_METHOD_MATCH = YES;
				"CODE_SIGN_IDENTITY[sdk=iphoneos*]" = "iPhone Developer";
				COPY_PHASE_STRIP = NO;
				DEBUG_INFORMATION_FORMAT = "dwarf-with-dsym";
				ENABLE_NS_ASSERTIONS = NO;
				ENABLE_STRICT_OBJC_MSGSEND = YES;
				GCC_C_LANGUAGE_STANDARD = gnu99;
				GCC_NO_COMMON_BLOCKS = YES;
				GCC_WARN_64_TO_32_BIT_CONVERSION = YES;
				GCC_WARN_ABOUT_RETURN_TYPE = YES_ERROR;
				GCC_WARN_UNDECLARED_SELECTOR = YES;
				GCC_WARN_UNINITIALIZED_AUTOS = YES_AGGRESSIVE;
				GCC_WARN_UNUSED_FUNCTION = YES;
				GCC_WARN_UNUSED_VARIABLE = YES;
				IPHONEOS_DEPLOYMENT_TARGET = 10.0;
				MTL_ENABLE_DEBUG_INFO = NO;
				SDKROOT = iphoneos;
				SWIFT_OPTIMIZATION_LEVEL = "-Owholemodule";
				TARGETED_DEVICE_FAMILY = "1,2";
				VALIDATE_PRODUCT = YES;
			};
			name = Release;
		};
		8368966B1DA42387008F7C5E /* Debug */ = {
			isa = XCBuildConfiguration;
			buildSettings = {
				ASSETCATALOG_COMPILER_APPICON_NAME = AppIcon;
				INFOPLIST_FILE = ModalViewExperiment/Info.plist;
				LD_RUNPATH_SEARCH_PATHS = "$(inherited) @executable_path/Frameworks";
				PRODUCT_BUNDLE_IDENTIFIER = com.project.mukul.ModalViewExperiment;
				PRODUCT_NAME = "$(TARGET_NAME)";
				SWIFT_VERSION = 3.0;
			};
			name = Debug;
		};
		8368966C1DA42387008F7C5E /* Release */ = {
			isa = XCBuildConfiguration;
			buildSettings = {
				ASSETCATALOG_COMPILER_APPICON_NAME = AppIcon;
				INFOPLIST_FILE = ModalViewExperiment/Info.plist;
				LD_RUNPATH_SEARCH_PATHS = "$(inherited) @executable_path/Frameworks";
				PRODUCT_BUNDLE_IDENTIFIER = com.project.mukul.ModalViewExperiment;
				PRODUCT_NAME = "$(TARGET_NAME)";
				SWIFT_VERSION = 3.0;
			};
			name = Release;
		};
/* End XCBuildConfiguration section */

/* Begin XCConfigurationList section */
		836896531DA42387008F7C5E /* Build configuration list for PBXProject "ModalViewExperiment" */ = {
			isa = XCConfigurationList;
			buildConfigurations = (
				836896681DA42387008F7C5E /* Debug */,
				836896691DA42387008F7C5E /* Release */,
			);
			defaultConfigurationIsVisible = 0;
			defaultConfigurationName = Release;
		};
		8368966A1DA42387008F7C5E /* Build configuration list for PBXNativeTarget "ModalViewExperiment" */ = {
			isa = XCConfigurationList;
			buildConfigurations = (
				8368966B1DA42387008F7C5E /* Debug */,
				8368966C1DA42387008F7C5E /* Release */,
			);
			defaultConfigurationIsVisible = 0;
		};
/* End XCConfigurationList section */
	};
	rootObject = 836896501DA42387008F7C5E /* Project object */;
}
